
Microsoft Visual Studio Solution File, Format Version 12.00
# Visual Studio Version 16
VisualStudioVersion = 16.0.30907.101
MinimumVisualStudioVersion = 10.0.40219.1
Project("{FAE04EC0-301F-11D3-BF4B-00C04F79EFBC}") = "allhlepidrash_1", "allhlepidrash_1\allhlepidrash_1.csproj", "{530FEF84-86A1-429A-850B-7DA80AC20746}"
EndProject
Global
	GlobalSection(SolutionConfigurationPlatforms) = preSolution
		Debug|Any CPU = Debug|Any CPU
		Release|Any CPU = Release|Any CPU
	EndGlobalSection
	GlobalSection(ProjectConfigurationPlatforms) = postSolution
		{530FEF84-86A1-429A-850B-7DA80AC20746}.Debug|Any CPU.ActiveCfg = Debug|Any CPU
		{530FEF84-86A1-429A-850B-7DA80AC20746}.Debug|Any CPU.Build.0 = Debug|Any CPU
		{530FEF84-86A1-429A-850B-7DA80AC20746}.Release|Any CPU.ActiveCfg = Release|Any CPU
		{530FEF84-86A1-429A-850B-7DA80AC20746}.Release|Any CPU.Build.0 = Release|Any CPU
	EndGlobalSection
	GlobalSection(SolutionProperties) = preSolution
		HideSolutionNode = FALSE
	EndGlobalSection
	GlobalSection(ExtensibilityGlobals) = postSolution
		SolutionGuid = {64CD088B-E44D-4CCB-A0C9-0F9E81E7F3AA}
	EndGlobalSection
EndGlobal
